
Microsoft Visual Studio Solution File, Format Version 12.00
# Visual Studio Version 17
VisualStudioVersion = 17.11.35222.181
MinimumVisualStudioVersion = 10.0.40219.1
Project("{FAE04EC0-301F-11D3-BF4B-00C04F79EFBC}") = "QliNhanVien", "QliNhanVien\QliNhanVien.csproj", "{CFF700AF-3F04-438F-98D8-336A960EEEBB}"
EndProject
Global
	GlobalSection(SolutionConfigurationPlatforms) = preSolution
		Debug|Any CPU = Debug|Any CPU
		Release|Any CPU = Release|Any CPU
	EndGlobalSection
	GlobalSection(ProjectConfigurationPlatforms) = postSolution
		{CFF700AF-3F04-438F-98D8-336A960EEEBB}.Debug|Any CPU.ActiveCfg = Debug|Any CPU
		{CFF700AF-3F04-438F-98D8-336A960EEEBB}.Debug|Any CPU.Build.0 = Debug|Any CPU
		{CFF700AF-3F04-438F-98D8-336A960EEEBB}.Release|Any CPU.ActiveCfg = Release|Any CPU
		{CFF700AF-3F04-438F-98D8-336A960EEEBB}.Release|Any CPU.Build.0 = Release|Any CPU
	EndGlobalSection
	GlobalSection(SolutionProperties) = preSolution
		HideSolutionNode = FALSE
	EndGlobalSection
	GlobalSection(ExtensibilityGlobals) = postSolution
		SolutionGuid = {FDAE582D-A150-4722-AD86-CDCDCF9AD901}
	EndGlobalSection
EndGlobal
